{
  "nodes": {
    "artiq-comtools": {
      "inputs": {
        "flake-utils": "flake-utils",
        "nixpkgs": [
          "nixpkgs"
        ],
        "sipyco": [
          "sipyco"
        ]
      },
      "locked": {
        "lastModified": 1753277116,
        "narHash": "sha256-D1EXABnkxb3i40nQs4HSaf+JYu3lD37tZnb8p2+zqg0=",
        "owner": "m-labs",
        "repo": "artiq-comtools",
        "rev": "b1ddaf405aa0cc267f314ab70efcbb1718f8c192",
        "type": "github"
      },
      "original": {
        "owner": "m-labs",
        "repo": "artiq-comtools",
        "type": "github"
      }
    },
    "artiq-comtools_2": {
      "inputs": {
        "flake-utils": "flake-utils_2",
        "nixpkgs": [
          "artiq-src",
          "nixpkgs"
        ],
        "sipyco": [
          "artiq-src",
          "sipyco"
        ]
      },
      "locked": {
        "lastModified": 1748847424,
        "narHash": "sha256-BXpxu3fowHV0u6DVTYn6efQ8X3PV6qC4TgiuCsSy3/0=",
        "owner": "m-labs",
        "repo": "artiq-comtools",
        "rev": "5552bf9b5e6e150dafbaf5cd20bd68c82949ac9a",
        "type": "github"
      },
      "original": {
        "owner": "m-labs",
        "repo": "artiq-comtools",
        "type": "github"
      }
    },
    "artiq-src": {
      "inputs": {
        "artiq-comtools": "artiq-comtools_2",
        "naersk": "naersk",
        "nixpkgs": [
          "nixpkgs"
        ],
        "rust-overlay": "rust-overlay",
        "sipyco": "sipyco",
        "src-migen": "src-migen",
        "src-misoc": "src-misoc",
        "src-pythonparser": "src-pythonparser"
      },
      "locked": {
        "lastModified": 1753273439,
        "narHash": "sha256-UTLK7yIynajB1MbgjX0HcSbo8GP2t6mV9Dp95VmM/4o=",
        "owner": "alkalineteam",
        "repo": "ARTIQ-alkaline-fork",
        "rev": "a078c1def7be7274ae9d15284fb765f92404a535",
        "type": "github"
      },
      "original": {
        "owner": "alkalineteam",
        "ref": "master",
        "repo": "ARTIQ-alkaline-fork",
        "type": "github"
      }
    },
    "flake-utils": {
      "inputs": {
        "systems": "systems"
      },
      "locked": {
        "lastModified": 1731533236,
        "narHash": "sha256-l0KFg5HjrsfsO/JpG+r7fRrqm12kzFHyUHqHCVpMMbI=",
        "owner": "numtide",
        "repo": "flake-utils",
        "rev": "11707dc2f618dd54ca8739b309ec4fc024de578b",
        "type": "github"
      },
      "original": {
        "owner": "numtide",
        "repo": "flake-utils",
        "type": "github"
      }
    },
    "flake-utils_2": {
      "inputs": {
        "systems": "systems_2"
      },
      "locked": {
        "lastModified": 1731533236,
        "narHash": "sha256-l0KFg5HjrsfsO/JpG+r7fRrqm12kzFHyUHqHCVpMMbI=",
        "owner": "numtide",
        "repo": "flake-utils",
        "rev": "11707dc2f618dd54ca8739b309ec4fc024de578b",
        "type": "github"
      },
      "original": {
        "owner": "numtide",
        "repo": "flake-utils",
        "type": "github"
      }
    },
    "flake-utils_3": {
      "inputs": {
        "systems": "systems_3"
      },
      "locked": {
        "lastModified": 1731533236,
        "narHash": "sha256-l0KFg5HjrsfsO/JpG+r7fRrqm12kzFHyUHqHCVpMMbI=",
        "owner": "numtide",
        "repo": "flake-utils",
        "rev": "11707dc2f618dd54ca8739b309ec4fc024de578b",
        "type": "github"
      },
      "original": {
        "owner": "numtide",
        "repo": "flake-utils",
        "type": "github"
      }
    },
    "migen-src": {
      "flake": false,
      "locked": {
        "lastModified": 1749544952,
        "narHash": "sha256-NshlPiORBHWljSUP5bB7YBxe7k8dW0t8UXOsIq2EK8I=",
        "owner": "m-labs",
        "repo": "migen",
        "rev": "6e3a9e150fb006dabc4b55043d3af18dbfecd7e8",
        "type": "github"
      },
      "original": {
        "owner": "m-labs",
        "repo": "migen",
        "type": "github"
      }
    },
    "misoc-src": {
      "flake": false,
      "locked": {
        "lastModified": 1747128843,
        "narHash": "sha256-TCFPoaQFaFCg3my3wyl3Gkz4ZnyzWa/ZXbcZG/OEsCU=",
        "ref": "refs/heads/master",
        "rev": "9e07cf5f3b7d4949d3b775d4d946ca22900ab528",
        "revCount": 2498,
        "submodules": true,
        "type": "git",
        "url": "https://github.com/m-labs/misoc.git"
      },
      "original": {
        "submodules": true,
        "type": "git",
        "url": "https://github.com/m-labs/misoc.git"
      }
    },
    "naersk": {
      "inputs": {
        "nixpkgs": [
          "artiq-src",
          "nixpkgs"
        ]
      },
      "locked": {
        "lastModified": 1745925850,
        "narHash": "sha256-cyAAMal0aPrlb1NgzMxZqeN1mAJ2pJseDhm2m6Um8T0=",
        "owner": "nix-community",
        "repo": "naersk",
        "rev": "38bc60bbc157ae266d4a0c96671c6c742ee17a5f",
        "type": "github"
      },
      "original": {
        "owner": "nix-community",
        "repo": "naersk",
        "type": "github"
      }
    },
    "nixpkgs": {
      "locked": {
        "lastModified": 1753429684,
        "narHash": "sha256-9h7+4/53cSfQ/uA3pSvCaBepmZaz/dLlLVJnbQ+SJjk=",
        "owner": "NixOS",
        "repo": "nixpkgs",
        "rev": "7fd36ee82c0275fb545775cc5e4d30542899511d",
        "type": "github"
      },
      "original": {
        "owner": "NixOS",
        "ref": "nixos-unstable",
        "repo": "nixpkgs",
        "type": "github"
      }
    },
    "pyproject-nix": {
      "inputs": {
        "nixpkgs": [
          "uv2nix",
          "nixpkgs"
        ]
      },
      "locked": {
        "lastModified": 1753063596,
        "narHash": "sha256-el1vFxDk6DR2hKGYnMfQHR7+K4aMiJDKQRMP3gdh+ZI=",
        "owner": "pyproject-nix",
        "repo": "pyproject.nix",
        "rev": "cac90713492f23be5f1072bae88406890b9c68f6",
        "type": "github"
      },
      "original": {
        "owner": "pyproject-nix",
        "repo": "pyproject.nix",
        "type": "github"
      }
    },
    "pythonparser-src": {
      "flake": false,
      "locked": {
        "lastModified": 1628745371,
        "narHash": "sha256-p6TgeeaK4NEmbhimEXp31W8hVRo4DgWmcCoqZ+UdN60=",
        "owner": "m-labs",
        "repo": "pythonparser",
        "rev": "5413ee5c9f8760e95c6acd5d6e88dabb831ad201",
        "type": "github"
      },
      "original": {
        "owner": "m-labs",
        "repo": "pythonparser",
        "type": "github"
      }
    },
    "root": {
      "inputs": {
        "artiq-comtools": "artiq-comtools",
        "artiq-src": "artiq-src",
        "flake-utils": "flake-utils_3",
        "migen-src": "migen-src",
        "misoc-src": "misoc-src",
        "nixpkgs": "nixpkgs",
        "pythonparser-src": "pythonparser-src",
        "rust-overlay": "rust-overlay_2",
        "sipyco": "sipyco_2",
        "uv2nix": "uv2nix"
      }
    },
    "rust-overlay": {
      "inputs": {
        "nixpkgs": [
          "artiq-src",
          "nixpkgs"
        ]
      },
      "locked": {
        "lastModified": 1719454714,
        "narHash": "sha256-MojqG0lyUINkEk0b3kM2drsU5vyaF8DFZe/FAlZVOGs=",
        "owner": "oxalica",
        "repo": "rust-overlay",
        "rev": "d1c527659cf076ecc4b96a91c702d080b213801e",
        "type": "github"
      },
      "original": {
        "owner": "oxalica",
        "ref": "snapshot/2024-08-01",
        "repo": "rust-overlay",
        "type": "github"
      }
    },
    "rust-overlay_2": {
      "inputs": {
        "nixpkgs": [
          "nixpkgs"
        ]
      },
      "locked": {
        "lastModified": 1719454714,
        "narHash": "sha256-MojqG0lyUINkEk0b3kM2drsU5vyaF8DFZe/FAlZVOGs=",
        "owner": "oxalica",
        "repo": "rust-overlay",
        "rev": "d1c527659cf076ecc4b96a91c702d080b213801e",
        "type": "github"
      },
      "original": {
        "owner": "oxalica",
        "ref": "snapshot/2024-08-01",
        "repo": "rust-overlay",
        "type": "github"
      }
    },
    "sipyco": {
      "inputs": {
        "nixpkgs": [
          "artiq-src",
          "nixpkgs"
        ]
      },
      "locked": {
        "lastModified": 1752168638,
        "narHash": "sha256-wH+RiSaALa9Y4DVW2kDOTXUAjCmREIjq3oN9GuA6L70=",
        "owner": "m-labs",
        "repo": "sipyco",
        "rev": "01f2e37ea13cb7f297321104319428b1ddf546fc",
        "type": "github"
      },
      "original": {
        "owner": "m-labs",
        "repo": "sipyco",
        "type": "github"
      }
    },
    "sipyco_2": {
      "inputs": {
        "nixpkgs": [
          "nixpkgs"
        ]
      },
      "locked": {
        "lastModified": 1753277104,
        "narHash": "sha256-R2mtON103pFWbkpTem6YOZpKuFOJlvu81IjZpYnkHNo=",
        "owner": "m-labs",
        "repo": "sipyco",
        "rev": "91fd4d58073fa059850c8f65bde52c9a20ff91ba",
        "type": "github"
      },
      "original": {
        "owner": "m-labs",
        "repo": "sipyco",
        "type": "github"
      }
    },
    "src-migen": {
      "flake": false,
      "locked": {
        "lastModified": 1749544952,
        "narHash": "sha256-NshlPiORBHWljSUP5bB7YBxe7k8dW0t8UXOsIq2EK8I=",
        "owner": "m-labs",
        "repo": "migen",
        "rev": "6e3a9e150fb006dabc4b55043d3af18dbfecd7e8",
        "type": "github"
      },
      "original": {
        "owner": "m-labs",
        "repo": "migen",
        "type": "github"
      }
    },
    "src-misoc": {
      "flake": false,
      "locked": {
        "lastModified": 1747128843,
        "narHash": "sha256-TCFPoaQFaFCg3my3wyl3Gkz4ZnyzWa/ZXbcZG/OEsCU=",
        "ref": "refs/heads/master",
        "rev": "9e07cf5f3b7d4949d3b775d4d946ca22900ab528",
        "revCount": 2498,
        "submodules": true,
        "type": "git",
        "url": "https://github.com/m-labs/misoc.git"
      },
      "original": {
        "submodules": true,
        "type": "git",
        "url": "https://github.com/m-labs/misoc.git"
      }
    },
    "src-pythonparser": {
      "flake": false,
      "locked": {
        "lastModified": 1628745371,
        "narHash": "sha256-p6TgeeaK4NEmbhimEXp31W8hVRo4DgWmcCoqZ+UdN60=",
        "owner": "m-labs",
        "repo": "pythonparser",
        "rev": "5413ee5c9f8760e95c6acd5d6e88dabb831ad201",
        "type": "github"
      },
      "original": {
        "owner": "m-labs",
        "repo": "pythonparser",
        "type": "github"
      }
    },
    "systems": {
      "locked": {
        "lastModified": 1681028828,
        "narHash": "sha256-Vy1rq5AaRuLzOxct8nz4T6wlgyUR7zLU309k9mBC768=",
        "owner": "nix-systems",
        "repo": "default",
        "rev": "da67096a3b9bf56a91d16901293e51ba5b49a27e",
        "type": "github"
      },
      "original": {
        "owner": "nix-systems",
        "repo": "default",
        "type": "github"
      }
    },
    "systems_2": {
      "locked": {
        "lastModified": 1681028828,
        "narHash": "sha256-Vy1rq5AaRuLzOxct8nz4T6wlgyUR7zLU309k9mBC768=",
        "owner": "nix-systems",
        "repo": "default",
        "rev": "da67096a3b9bf56a91d16901293e51ba5b49a27e",
        "type": "github"
      },
      "original": {
        "owner": "nix-systems",
        "repo": "default",
        "type": "github"
      }
    },
    "systems_3": {
      "locked": {
        "lastModified": 1681028828,
        "narHash": "sha256-Vy1rq5AaRuLzOxct8nz4T6wlgyUR7zLU309k9mBC768=",
        "owner": "nix-systems",
        "repo": "default",
        "rev": "da67096a3b9bf56a91d16901293e51ba5b49a27e",
        "type": "github"
      },
      "original": {
        "owner": "nix-systems",
        "repo": "default",
        "type": "github"
      }
    },
    "uv2nix": {
      "inputs": {
        "nixpkgs": [
          "nixpkgs"
        ],
        "pyproject-nix": "pyproject-nix"
      },
      "locked": {
        "lastModified": 1753400079,
        "narHash": "sha256-VC76rfCgtaKPopaLOyAEZ80bpOTQDr7wEZRUCMjoacE=",
        "owner": "adisbladis",
        "repo": "uv2nix",
        "rev": "350ae196e0e414c03db118d385eabaf50e2a0a53",
        "type": "github"
      },
      "original": {
        "owner": "adisbladis",
        "repo": "uv2nix",
        "type": "github"
      }
    }
  },
  "root": "root",
  "version": 7
}
